
Microsoft Visual Studio Solution File, Format Version 12.00
# Visual Studio Version 17
VisualStudioVersion = 17.9.34902.65
MinimumVisualStudioVersion = 10.0.40219.1
Project("{8BC9CEB8-8B4A-11D0-8D11-00A0C91BC942}") = "CppApp1", "CppApp1\CppApp1.vcxproj", "{71C362BD-EB90-4F3F-9143-9F1F68DD55CA}"
EndProject
Project("{8BC9CEB8-8B4A-11D0-8D11-00A0C91BC942}") = "OOP1", "OOP1\OOP1.vcxproj", "{4213A626-35BD-465D-B5A5-8B577F5C26C5}"
EndProject
Project("{8BC9CEB8-8B4A-11D0-8D11-00A0C91BC942}") = "OOP2", "OOP2\OOP2.vcxproj", "{91AB3900-4A71-485F-8E7A-79D28A230DC8}"
EndProject
Project("{8BC9CEB8-8B4A-11D0-8D11-00A0C91BC942}") = "OOP3", "OOP3\OOP3.vcxproj", "{21DAF895-C163-453D-B246-592A080610B7}"
EndProject
Global
	GlobalSection(SolutionConfigurationPlatforms) = preSolution
		Debug|x64 = Debug|x64
		Debug|x86 = Debug|x86
		Release|x64 = Release|x64
		Release|x86 = Release|x86
	EndGlobalSection
	GlobalSection(ProjectConfigurationPlatforms) = postSolution
		{71C362BD-EB90-4F3F-9143-9F1F68DD55CA}.Debug|x64.ActiveCfg = Debug|x64
		{71C362BD-EB90-4F3F-9143-9F1F68DD55CA}.Debug|x64.Build.0 = Debug|x64
		{71C362BD-EB90-4F3F-9143-9F1F68DD55CA}.Debug|x86.ActiveCfg = Debug|Win32
		{71C362BD-EB90-4F3F-9143-9F1F68DD55CA}.Debug|x86.Build.0 = Debug|Win32
		{71C362BD-EB90-4F3F-9143-9F1F68DD55CA}.Release|x64.ActiveCfg = Release|x64
		{71C362BD-EB90-4F3F-9143-9F1F68DD55CA}.Release|x64.Build.0 = Release|x64
		{71C362BD-EB90-4F3F-9143-9F1F68DD55CA}.Release|x86.ActiveCfg = Release|Win32
		{71C362BD-EB90-4F3F-9143-9F1F68DD55CA}.Release|x86.Build.0 = Release|Win32
		{4213A626-35BD-465D-B5A5-8B577F5C26C5}.Debug|x64.ActiveCfg = Debug|x64
		{4213A626-35BD-465D-B5A5-8B577F5C26C5}.Debug|x64.Build.0 = Debug|x64
		{4213A626-35BD-465D-B5A5-8B577F5C26C5}.Debug|x86.ActiveCfg = Debug|Win32
		{4213A626-35BD-465D-B5A5-8B577F5C26C5}.Debug|x86.Build.0 = Debug|Win32
		{4213A626-35BD-465D-B5A5-8B577F5C26C5}.Release|x64.ActiveCfg = Release|x64
		{4213A626-35BD-465D-B5A5-8B577F5C26C5}.Release|x64.Build.0 = Release|x64
		{4213A626-35BD-465D-B5A5-8B577F5C26C5}.Release|x86.ActiveCfg = Release|Win32
		{4213A626-35BD-465D-B5A5-8B577F5C26C5}.Release|x86.Build.0 = Release|Win32
		{91AB3900-4A71-485F-8E7A-79D28A230DC8}.Debug|x64.ActiveCfg = Debug|x64
		{91AB3900-4A71-485F-8E7A-79D28A230DC8}.Debug|x64.Build.0 = Debug|x64
		{91AB3900-4A71-485F-8E7A-79D28A230DC8}.Debug|x86.ActiveCfg = Debug|Win32
		{91AB3900-4A71-485F-8E7A-79D28A230DC8}.Debug|x86.Build.0 = Debug|Win32
		{91AB3900-4A71-485F-8E7A-79D28A230DC8}.Release|x64.ActiveCfg = Release|x64
		{91AB3900-4A71-485F-8E7A-79D28A230DC8}.Release|x64.Build.0 = Release|x64
		{91AB3900-4A71-485F-8E7A-79D28A230DC8}.Release|x86.ActiveCfg = Release|Win32
		{91AB3900-4A71-485F-8E7A-79D28A230DC8}.Release|x86.Build.0 = Release|Win32
		{21DAF895-C163-453D-B246-592A080610B7}.Debug|x64.ActiveCfg = Debug|x64
		{21DAF895-C163-453D-B246-592A080610B7}.Debug|x64.Build.0 = Debug|x64
		{21DAF895-C163-453D-B246-592A080610B7}.Debug|x86.ActiveCfg = Debug|Win32
		{21DAF895-C163-453D-B246-592A080610B7}.Debug|x86.Build.0 = Debug|Win32
		{21DAF895-C163-453D-B246-592A080610B7}.Release|x64.ActiveCfg = Release|x64
		{21DAF895-C163-453D-B246-592A080610B7}.Release|x64.Build.0 = Release|x64
		{21DAF895-C163-453D-B246-592A080610B7}.Release|x86.ActiveCfg = Release|Win32
		{21DAF895-C163-453D-B246-592A080610B7}.Release|x86.Build.0 = Release|Win32
	EndGlobalSection
	GlobalSection(SolutionProperties) = preSolution
		HideSolutionNode = FALSE
	EndGlobalSection
	GlobalSection(ExtensibilityGlobals) = postSolution
		SolutionGuid = {74062856-7933-42A9-9DB7-4A2A41952768}
	EndGlobalSection
EndGlobal
